
Microsoft Visual Studio Solution File, Format Version 12.00
# Visual Studio Version 17
VisualStudioVersion = 17.8.34004.107
MinimumVisualStudioVersion = 10.0.40219.1
Project("{9A19103F-16F7-4668-BE54-9A1E7A4F7556}") = "SimulationCore", "SimulationCore\SimulationCore.csproj", "{44C936BF-6B0B-4BB3-AB78-F9CA72562833}"
EndProject
Project("{9A19103F-16F7-4668-BE54-9A1E7A4F7556}") = "Critters", "Critters\Critters.csproj", "{947780FB-9AE1-43D7-88A3-B8C9F25C92F4}"
EndProject
Project("{9A19103F-16F7-4668-BE54-9A1E7A4F7556}") = "TensorFlow1", "TensorFlow1\TensorFlow1.csproj", "{D493254E-87D9-4641-B582-D8F9552DF742}"
EndProject
Project("{2150E333-8FDC-42A3-9474-1A3956D46DE8}") = "Solution Items", "Solution Items", "{F2A3A763-BB58-4393-81CA-615030CAFA46}"
	ProjectSection(SolutionItems) = preProject
		README.md = README.md
	EndProjectSection
EndProject
Global
	GlobalSection(SolutionConfigurationPlatforms) = preSolution
		Debug|Any CPU = Debug|Any CPU
		Release|Any CPU = Release|Any CPU
	EndGlobalSection
	GlobalSection(ProjectConfigurationPlatforms) = postSolution
		{44C936BF-6B0B-4BB3-AB78-F9CA72562833}.Debug|Any CPU.ActiveCfg = Debug|Any CPU
		{44C936BF-6B0B-4BB3-AB78-F9CA72562833}.Debug|Any CPU.Build.0 = Debug|Any CPU
		{44C936BF-6B0B-4BB3-AB78-F9CA72562833}.Release|Any CPU.ActiveCfg = Release|Any CPU
		{44C936BF-6B0B-4BB3-AB78-F9CA72562833}.Release|Any CPU.Build.0 = Release|Any CPU
		{947780FB-9AE1-43D7-88A3-B8C9F25C92F4}.Debug|Any CPU.ActiveCfg = Debug|Any CPU
		{947780FB-9AE1-43D7-88A3-B8C9F25C92F4}.Debug|Any CPU.Build.0 = Debug|Any CPU
		{947780FB-9AE1-43D7-88A3-B8C9F25C92F4}.Release|Any CPU.ActiveCfg = Release|Any CPU
		{947780FB-9AE1-43D7-88A3-B8C9F25C92F4}.Release|Any CPU.Build.0 = Release|Any CPU
		{D493254E-87D9-4641-B582-D8F9552DF742}.Debug|Any CPU.ActiveCfg = Debug|Any CPU
		{D493254E-87D9-4641-B582-D8F9552DF742}.Debug|Any CPU.Build.0 = Debug|Any CPU
		{D493254E-87D9-4641-B582-D8F9552DF742}.Release|Any CPU.ActiveCfg = Release|Any CPU
		{D493254E-87D9-4641-B582-D8F9552DF742}.Release|Any CPU.Build.0 = Release|Any CPU
	EndGlobalSection
	GlobalSection(SolutionProperties) = preSolution
		HideSolutionNode = FALSE
	EndGlobalSection
	GlobalSection(ExtensibilityGlobals) = postSolution
		SolutionGuid = {CD45E685-0E53-4894-B6FE-94C31828A33A}
	EndGlobalSection
EndGlobal
